{
  "version": "3",
  "packages": {
    "specifiers": {
      "jsr:@std/assert@^0.224.0": "jsr:@std/assert@0.224.0",
      "jsr:@std/async@0.224.0": "jsr:@std/async@0.224.0",
      "jsr:@std/bytes@0.224.0": "jsr:@std/bytes@0.224.0",
      "jsr:@std/bytes@^0.224.0": "jsr:@std/bytes@0.224.0",
      "jsr:@std/io@0.224.0": "jsr:@std/io@0.224.0",
      "npm:cluster-key-slot@1.1.0": "npm:cluster-key-slot@1.1.0",
      "npm:lodash-es@4.17.21": "npm:lodash-es@4.17.21"
    },
    "jsr": {
      "@std/assert@0.224.0": {
        "integrity": "8643233ec7aec38a940a8264a6e3eed9bfa44e7a71cc6b3c8874213ff401967f"
      },
      "@std/async@0.224.0": {
        "integrity": "b6da423eeafbd0003fe88d950e069368c6a156f8b5293b7adbd9c8903a8f8d66",
        "dependencies": [
          "jsr:@std/assert@^0.224.0"
        ]
      },
      "@std/bytes@0.224.0": {
        "integrity": "a2250e1d0eb7d1c5a426f21267ab9bdeac2447fa87a3d0d1a467d3f7a6058e49"
      },
      "@std/io@0.224.0": {
        "integrity": "0aff885d21d829c050b8a08b1d71b54aed5841aecf227f8d77e99ec529a11e8e",
        "dependencies": [
          "jsr:@std/assert@^0.224.0",
          "jsr:@std/bytes@^0.224.0"
        ]
      }
    },
    "npm": {
      "cluster-key-slot@1.1.0": {
        "integrity": "sha512-2Nii8p3RwAPiFwsnZvukotvow2rIHM+yQ6ZcBXGHdniadkYGZYiGmkHJIbZPIV9nfv7m/U1IPMVVcAhoWFeklw==",
        "dependencies": {}
      },
      "lodash-es@4.17.21": {
        "integrity": "sha512-mKnC+QJ9pWVzv+C4/U3rRsHapFfHvQFoFB92e52xeyGMcX6/OlIl78je1u8vePzYZSkkogMPJ2yjxxsb89cxyw==",
        "dependencies": {}
      }
    }
  },
  "remote": {}
}
